
Microsoft Visual Studio Solution File, Format Version 12.00
# Visual Studio Version 16
VisualStudioVersion = 16.0.35706.149
MinimumVisualStudioVersion = 10.0.40219.1
Project("{FAE04EC0-301F-11D3-BF4B-00C04F79EFBC}") = "ListGenricCollection", "ListGenricCollection\ListGenricCollection.csproj", "{42158A54-CD00-4BB8-85BB-AC0F87DA6FD7}"
EndProject
Global
	GlobalSection(SolutionConfigurationPlatforms) = preSolution
		Debug|Any CPU = Debug|Any CPU
		Release|Any CPU = Release|Any CPU
	EndGlobalSection
	GlobalSection(ProjectConfigurationPlatforms) = postSolution
		{42158A54-CD00-4BB8-85BB-AC0F87DA6FD7}.Debug|Any CPU.ActiveCfg = Debug|Any CPU
		{42158A54-CD00-4BB8-85BB-AC0F87DA6FD7}.Debug|Any CPU.Build.0 = Debug|Any CPU
		{42158A54-CD00-4BB8-85BB-AC0F87DA6FD7}.Release|Any CPU.ActiveCfg = Release|Any CPU
		{42158A54-CD00-4BB8-85BB-AC0F87DA6FD7}.Release|Any CPU.Build.0 = Release|Any CPU
	EndGlobalSection
	GlobalSection(SolutionProperties) = preSolution
		HideSolutionNode = FALSE
	EndGlobalSection
	GlobalSection(ExtensibilityGlobals) = postSolution
		SolutionGuid = {8331A0BB-4C89-4994-9683-4CFC757EEEC8}
	EndGlobalSection
EndGlobal
